<?xml version="1.0" encoding="utf-8"?>
<Project ToolsVersion="4.0" xmlns="http://schemas.microsoft.com/developer/msbuild/2003">
  <ItemGroup>
    <Filter Include="Source Files">
      <UniqueIdentifier>{4FC737F1-C7A5-4376-A066-2A32D752A2FF}</UniqueIdentifier>
      <Extensions>cpp;c;cc;cxx;c++;cppm;ixx;def;odl;idl;hpj;bat;asm;asmx</Extensions>
    </Filter>
    <Filter Include="Header Files">
      <UniqueIdentifier>{93995380-89BD-4b04-88EB-625FBE52EBFB}</UniqueIdentifier>
      <Extensions>h;hh;hpp;hxx;h++;hm;inl;inc;ipp;xsd</Extensions>
    </Filter>
    <Filter Include="Resource Files">
      <UniqueIdentifier>{67DA6AB6-F800-4c08-8B7A-83BB121AAD01}</UniqueIdentifier>
      <Extensions>rc;ico;cur;bmp;dlg;rc2;rct;bin;rgs;gif;jpg;jpeg;jpe;resx;tiff;tif;png;wav;mfcribbon-ms</Extensions>
    </Filter>
  </ItemGroup>
  <ItemGroup>
    <ClCompile Include="Src\main.cpp">
      <Filter>Source Files</Filter>
    </ClCompile>
    <ClCompile Include="Src\Shader.cpp">
      <Filter>Source Files</Filter>
    </ClCompile>
    <ClCompile Include="Src\Camera.cpp">
      <Filter>Source Files</Filter>
    </ClCompile>
    <ClCompile Include="Src\Material.cpp">
      <Filter>Source Files</Filter>
    </ClCompile>
    <ClCompile Include="Src\LightDirectional.cpp">
      <Filter>Source Files</Filter>
    </ClCompile>
    <ClCompile Include="Src\LightPoint.cpp">
      <Filter>Source Files</Filter>
    </ClCompile>
    <ClCompile Include="Src\LightSpot.cpp">
      <Filter>Source Files</Filter>
    </ClCompile>
    <ClCompile Include="Src\Mesh.cpp">
      <Filter>Source Files</Filter>
    </ClCompile>
    <ClCompile Include="Src\Model.cpp">
      <Filter>Source Files</Filter>
    </ClCompile>
    <ClCompile Include="Src\imgui\imgui.cpp">
      <Filter>Source Files</Filter>
    </ClCompile>
    <ClCompile Include="Src\imgui\imgui_demo.cpp">
      <Filter>Source Files</Filter>
    </ClCompile>
    <ClCompile Include="Src\imgui\imgui_draw.cpp">
      <Filter>Source Files</Filter>
    </ClCompile>
    <ClCompile Include="Src\imgui\imgui_impl_glfw_gl3.cpp">
      <Filter>Source Files</Filter>
    </ClCompile>
  </ItemGroup>
  <ItemGroup>
    <ClInclude Include="Src\Shader.h">
      <Filter>Header Files</Filter>
    </ClInclude>
    <ClInclude Include="Src\stb_image.h">
      <Filter>Header Files</Filter>
    </ClInclude>
    <ClInclude Include="Src\Camera.h">
      <Filter>Header Files</Filter>
    </ClInclude>
    <ClInclude Include="Src\Material.h">
      <Filter>Header Files</Filter>
    </ClInclude>
    <ClInclude Include="Src\LightDirectional.h">
      <Filter>Header Files</Filter>
    </ClInclude>
    <ClInclude Include="Src\LightPoint.h">
      <Filter>Header Files</Filter>
    </ClInclude>
    <ClInclude Include="Src\LightSpot.h">
      <Filter>Header Files</Filter>
    </ClInclude>
    <ClInclude Include="Src\Mesh.h">
      <Filter>Header Files</Filter>
    </ClInclude>
    <ClInclude Include="Src\Model.h">
      <Filter>Header Files</Filter>
    </ClInclude>
    <ClInclude Include="Src\imgui\imconfig.h">
      <Filter>Header Files</Filter>
    </ClInclude>
    <ClInclude Include="Src\imgui\imgui.h">
      <Filter>Header Files</Filter>
    </ClInclude>
    <ClInclude Include="Src\imgui\imgui_impl_glfw_gl3.h">
      <Filter>Header Files</Filter>
    </ClInclude>
    <ClInclude Include="Src\imgui\imgui_internal.h">
      <Filter>Header Files</Filter>
    </ClInclude>
    <ClInclude Include="Src\imgui\stb_rect_pack.h">
      <Filter>Header Files</Filter>
    </ClInclude>
    <ClInclude Include="Src\imgui\stb_textedit.h">
      <Filter>Header Files</Filter>
    </ClInclude>
    <ClInclude Include="Src\imgui\stb_truetype.h">
      <Filter>Header Files</Filter>
    </ClInclude>
  </ItemGroup>
  <ItemGroup>
    <Text Include="Shader\vertexSource.vert">
      <Filter>Source Files</Filter>
    </Text>
    <Text Include="Shader\fragmentSource.frag">
      <Filter>Source Files</Filter>
    </Text>
  </ItemGroup>
  <ItemGroup>
    <Image Include="resource\MyImage.png">
      <Filter>Resource Files</Filter>
    </Image>
    <Image Include="resource\container.jpg">
      <Filter>Resource Files</Filter>
    </Image>
    <Image Include="resource\awesomeface.png">
      <Filter>Resource Files</Filter>
    </Image>
    <Image Include="resource\container2.png">
      <Filter>Resource Files</Filter>
    </Image>
    <Image Include="resource\container2specular.png">
      <Filter>Resource Files</Filter>
    </Image>
    <Image Include="Debug\model\glass_dif.png">
      <Filter>Resource Files</Filter>
    </Image>
    <Image Include="Debug\model\body_dif.png">
      <Filter>Resource Files</Filter>
    </Image>
  </ItemGroup>
  <ItemGroup>
    <None Include="packages.config" />
  </ItemGroup>
</Project>